# platform: win-64
# env_hash: 87105d8e2bb00190507486401f8c5228f210ce3f085402b9cdc210274a8a1f43

@EXPLICIT

https://repo.anaconda.com/pkgs/main/win-64/blas-1.0-mkl.conda#29c8be9152b7cbf29578794154d2408f
https://repo.anaconda.com/pkgs/main/win-64/ca-certificates-2020.6.24-0.conda#b94e9facea4d24d9cb28d090b74b962a
https://repo.anaconda.com/pkgs/main/win-64/icc_rt-2019.0.0-h0cc432a_1.conda#405bdc839505f7a9657648ab1bb98c0b
https://repo.anaconda.com/pkgs/main/win-64/intel-openmp-2020.1-216.conda#d0ddf5f521632e8918eb24091a2ca516
https://repo.anaconda.com/pkgs/msys2/win-64/msys2-conda-epoch-20160418-1.tar.bz2#6eaef3074f65f715ed1ca6b8a08be3aa
https://repo.anaconda.com/pkgs/main/win-64/pandoc-2.10-0.conda#684038f33e42b04f0dae4c0f849afd26
https://repo.anaconda.com/pkgs/main/win-64/vs2015_runtime-14.16.27012-hf0eaf9b_3.conda#a98ea1e3abfdbbd201d60ff6b43ea7e4
https://repo.anaconda.com/pkgs/main/win-64/winpty-0.4.3-4.conda#5827d9fb8df41153ddc2a2915934c966
https://repo.anaconda.com/pkgs/msys2/win-64/m2w64-gmp-6.1.0-2.tar.bz2#fec04371463ec68eb8f5752a22c5b030
https://repo.anaconda.com/pkgs/msys2/win-64/m2w64-libwinpthread-git-5.0.0.4634.697f757-2.tar.bz2#67e61e700eb27424979778fae9293f13
https://repo.anaconda.com/pkgs/main/win-64/mkl-2020.1-216.conda#7521f8f894eabb61f83d90e7fd825f59
https://repo.anaconda.com/pkgs/main/win-64/vc-14.1-h0510ff6_4.conda#dc9507a39ab328597820486c729cd279
https://repo.anaconda.com/pkgs/main/win-64/bzip2-1.0.8-he774522_0.conda#acfdd6cfa52a831a43b88126e68b0cf9
https://repo.anaconda.com/pkgs/main/win-64/icu-58.2-ha925a31_3.conda#f6654b7569b42712970bedd22781eb70
https://repo.anaconda.com/pkgs/main/win-64/jpeg-9b-hb83a4c4_2.conda#b1357d1cfb8fa7feb3d77792009e0a22
https://repo.anaconda.com/pkgs/main/win-64/libiconv-1.15-h1df5818_7.conda#c11b04ba8fe614dc1480b14b8dc7cd4f
https://repo.anaconda.com/pkgs/main/win-64/liblief-0.10.1-ha925a31_0.conda#f00102a864c1d4891ff87d34962b25e7
https://repo.anaconda.com/pkgs/main/win-64/libllvm9-9.0.1-h21ff451_0.conda#52a11f4f16dd490a556d3eedb3df040d
https://repo.anaconda.com/pkgs/main/win-64/libsodium-1.0.18-h62dcd97_0.conda#b21cb66cc64ec7ca5b20dbed15950c3f
https://repo.anaconda.com/pkgs/main/win-64/libspatialindex-1.9.3-h33f27b4_0.conda#ec49a63d59a01bbd7157150572ae2f78
https://repo.anaconda.com/pkgs/main/win-64/lz4-c-1.9.2-h62dcd97_0.conda#f4db2d1054a2ab5c640554c731711ba1
https://repo.anaconda.com/pkgs/main/win-64/lzo-2.10-he774522_2.conda#05f7b19f47e1b6d198bf240f888b95de
https://repo.anaconda.com/pkgs/msys2/win-64/m2w64-gcc-libs-core-5.3.0-7.tar.bz2#276d396bfe8d958f71173b7134f739fa
https://repo.anaconda.com/pkgs/main/win-64/mpfr-4.0.2-h62dcd97_1.conda#0bc542cb4e51ea21068a94cb4c7e0b83
https://repo.anaconda.com/pkgs/main/win-64/mpir-3.0.0-hec2e145_1.conda#ad419df3beb25a55d29dc1ca8e407d48
https://repo.anaconda.com/pkgs/main/win-64/openssl-1.1.1g-he774522_0.conda#80b849ad2eb4caf8e4a78b373ac7cb80
https://repo.anaconda.com/pkgs/main/win-64/snappy-1.1.8-h33f27b4_0.conda#7d4b72a438a224c5b96d430de5438b52
https://repo.anaconda.com/pkgs/main/win-64/tbb-2020.0-h74a9793_0.conda#19afcbc1d586169785633f45d5deeb2f
https://repo.anaconda.com/pkgs/main/win-64/tk-8.6.10-he774522_0.conda#0341797393017980b1548213bc983acc
https://repo.anaconda.com/pkgs/main/win-64/xz-5.2.5-h62dcd97_0.conda#31fb0218c036a3afd2e0fa7f5081606d
https://repo.anaconda.com/pkgs/main/win-64/yaml-0.2.5-he774522_0.conda#959a63017c520ef9d345bd82ab344e3e
https://repo.anaconda.com/pkgs/main/win-64/zlib-1.2.11-h62dcd97_4.conda#0f377236eb18c0c2bb486c9c07c7a0c3
https://repo.anaconda.com/pkgs/main/win-64/hdf5-1.10.4-h7ebc959_0.conda#12fc19a52b92139f1ce8c32f099cd779
https://repo.anaconda.com/pkgs/main/win-64/krb5-1.18.2-hc04afaa_0.conda#579a7b9966a12b9390c401acc4894699
https://repo.anaconda.com/pkgs/main/win-64/libpng-1.6.37-h2a8f88b_0.conda#d99c2cf18a0d5a65e8f2928fa4ddbee4
https://repo.anaconda.com/pkgs/main/win-64/libssh2-1.9.0-h7a1dbc1_1.conda#f32820852944753179945b7d75a6b702
https://repo.anaconda.com/pkgs/main/win-64/libxml2-2.9.10-h464c3ec_1.conda#2039b60fc5d20730d1caab589fbc8e7d
https://repo.anaconda.com/pkgs/msys2/win-64/m2w64-gcc-libgfortran-5.3.0-6.tar.bz2#de1b7f7c8221028f6bbe103df4c53bed
https://repo.anaconda.com/pkgs/main/win-64/mpc-1.1.0-h7edee0f_1.conda#28e63ce0fc73626eacf9aaabc85e3215
https://repo.anaconda.com/pkgs/main/win-64/sqlite-3.32.3-h2a8f88b_0.conda#beb479ac36f260ef5f927105efb1ab83
https://repo.anaconda.com/pkgs/main/win-64/zeromq-4.3.2-ha925a31_2.conda#ddcaef78e5e099ccfc9f1e2c08cd6463
https://repo.anaconda.com/pkgs/main/win-64/zstd-1.4.5-ha9fde0e_0.conda#d440930e70fe9ab88c482a5ffc7a0c2a
https://repo.anaconda.com/pkgs/main/win-64/blosc-1.19.0-h7bd577a_0.conda#f5ed7f76b1ea3e008a1df92500c4eaa8
https://repo.anaconda.com/pkgs/main/win-64/freetype-2.10.2-hd328e21_0.conda#a5d431fad12c5c6a062abf90505d610a
https://repo.anaconda.com/pkgs/main/win-64/libarchive-3.4.2-h5e25573_0.conda#fe046bb446e9c42cbca0723223f1a440
https://repo.anaconda.com/pkgs/main/win-64/libcurl-7.71.1-h2a8f88b_1.conda#ef31fb2b17cc95a9f4b820e110c098f7
https://repo.anaconda.com/pkgs/main/win-64/libtiff-4.1.0-h56a325e_1.conda#82910674cb3fd88ec51f27fb73cf9501
https://repo.anaconda.com/pkgs/main/win-64/libxslt-1.1.34-he774522_0.conda#2586b4783b3b62c5daa8a88c9d520274
https://repo.anaconda.com/pkgs/msys2/win-64/m2w64-gcc-libs-5.3.0-7.tar.bz2#0b9caac6747002340b057a222af705b2
https://repo.anaconda.com/pkgs/main/win-64/python-3.8.3-he1778fa_2.conda#b3460ec59be70920475bd4fe829f0a61
https://repo.anaconda.com/pkgs/main/win-64/qt-5.9.7-vc14h73c81de_0.conda#7e75d685060b82518c5a5320c2923c12
https://repo.anaconda.com/pkgs/main/win-64/curl-7.71.1-h2a8f88b_1.conda#e80f406a3fea9cefd7b547ea4bd45244
https://repo.anaconda.com/pkgs/main/win-64/pywin32-227-py38he774522_1.conda#29057ea8a3892be415903f9f14515157
https://repo.anaconda.com/pkgs/main/win-64/menuinst-1.4.16-py38he774522_1.conda#161a665ee191007106d1c453c913698c
https://repo.anaconda.com/pkgs/main/noarch/alabaster-0.7.12-py_0.conda#bb4eb5e62602626aad84aee057451c3e
https://repo.anaconda.com/pkgs/main/win-64/argh-0.26.2-py38_0.conda#0ce787ae8f91a0e339983d2f80e164ce
https://repo.anaconda.com/pkgs/main/win-64/asn1crypto-1.3.0-py38_0.conda#b142f0a729a0e535b13f6d06f8077c3d
https://repo.anaconda.com/pkgs/main/noarch/atomicwrites-1.4.0-py_0.conda#7035266b832ca44ca8655ced0a397eaa
https://repo.anaconda.com/pkgs/main/noarch/attrs-19.3.0-py_0.conda#225d76536a6cdf382f89eae7bad10bab
https://repo.anaconda.com/pkgs/main/noarch/backcall-0.2.0-py_0.conda#aec219de04062440ce5052069c3a619b
https://repo.anaconda.com/pkgs/main/noarch/backports-1.0-py_2.conda#16b062c5e47977c76e4267e74d79b292
https://repo.anaconda.com/pkgs/main/win-64/bitarray-1.4.0-py38he774522_0.conda#eed001c8747d4b01b00fdea7d4649a36
https://repo.anaconda.com/pkgs/main/win-64/boto-2.49.0-py38_0.conda#494254ee148ac581abaff04b2e2ccbb6
https://repo.anaconda.com/pkgs/main/win-64/certifi-2020.6.20-py38_0.conda#df42079c65857b1b9fa7e7cfb4d28c53
https://repo.anaconda.com/pkgs/main/win-64/chardet-3.0.4-py38_1003.conda#22c23ae7a9924f12339e7a90c648ce29
https://repo.anaconda.com/pkgs/main/noarch/click-7.1.2-py_0.conda#122e0ead7703cf4f04a36b34e2d1f9a2
https://repo.anaconda.com/pkgs/main/noarch/cloudpickle-1.5.0-py_0.conda#093f9a9b5e9e33a3484c9ae48a8464e5
https://repo.anaconda.com/pkgs/main/noarch/colorama-0.4.3-py_0.conda#d5d30f526bab13e604ba20d03289c649
https://repo.anaconda.com/pkgs/main/win-64/comtypes-1.1.7-py38_1001.conda#28809cf1827c1befec3dad5f05c7a86e
https://repo.anaconda.com/pkgs/main/win-64/console_shortcut-0.1.1-4.conda#fb2674f36de24d8ab8002a7aa29e7b1d
https://repo.anaconda.com/pkgs/main/noarch/contextlib2-0.6.0.post1-py_0.conda#64a18e6bdc9c1f6d675a7fd1a709750e
https://repo.anaconda.com/pkgs/main/noarch/decorator-4.4.2-py_0.conda#3f5146ff080437ecb0e1583a6021c634
https://repo.anaconda.com/pkgs/main/noarch/defusedxml-0.6.0-py_0.conda#28cdc8c7826756bc1d807cc060f8198b
https://repo.anaconda.com/pkgs/main/noarch/diff-match-patch-20200713-py_0.conda#765a3dd4bf4508918d57ee171fae42d0
https://repo.anaconda.com/pkgs/main/win-64/docutils-0.16-py38_1.conda#3ca71fe4c66bc8525c8c990c595196e4
https://repo.anaconda.com/pkgs/main/win-64/entrypoints-0.3-py38_0.conda#bc974bce6d4626ff8baecb1f1db8a25a
https://repo.anaconda.com/pkgs/main/noarch/et_xmlfile-1.0.1-py_1001.conda#4de97cf37237ab3079f55e285ee1d7e9
https://repo.anaconda.com/pkgs/main/win-64/fastcache-1.1.0-py38he774522_0.conda#490a2946e0ceefe1873a2cfc83f02213
https://repo.anaconda.com/pkgs/main/noarch/filelock-3.0.12-py_0.conda#dbade75b5023da90f954ec6ab620bde3
https://repo.anaconda.com/pkgs/main/noarch/fsspec-0.7.4-py_0.conda#7b21ab063e5c78b0ba7b1e10aa84886a
https://repo.anaconda.com/pkgs/main/win-64/future-0.18.2-py38_1.conda#1cee63e8f7bff4a5d3fafd136a416d11
https://repo.anaconda.com/pkgs/main/noarch/glob2-0.7-py_0.conda#e8fad62c3c1dc2454821c09e861bdbea
https://repo.anaconda.com/pkgs/main/win-64/gmpy2-2.0.8-py38h7edee0f_3.conda#0800a3cf13ec7580aecb1e3ec341eb9b
https://repo.anaconda.com/pkgs/main/win-64/greenlet-0.4.16-py38he774522_0.conda#90e8506364a2f72f67d0be74ac504fac
https://repo.anaconda.com/pkgs/main/noarch/heapdict-1.0.1-py_0.conda#ad144fb43ed5d9cf77c55f373642fd0e
https://repo.anaconda.com/pkgs/main/noarch/idna-2.10-py_0.conda#72085bc43b003e02a3ff9356bc428f25
https://repo.anaconda.com/pkgs/main/noarch/imagesize-1.2.0-py_0.conda#bcfd660d946ab2cc9a3ca61eb404229a
https://repo.anaconda.com/pkgs/main/win-64/ipython_genutils-0.2.0-py38_0.conda#a8850f1a84629b21c7b5b1980b37e884
https://repo.anaconda.com/pkgs/main/noarch/itsdangerous-1.1.0-py_0.conda#7ed0a03ce72cfd2555445e5926c4763c
https://repo.anaconda.com/pkgs/main/noarch/jdcal-1.4.1-py_0.conda#ace9b345a6ec6f21b18d5d4ace7482f2
https://repo.anaconda.com/pkgs/main/noarch/json5-0.9.5-py_0.conda#8059103c4ea13b8a57462e434054d05d
https://repo.anaconda.com/pkgs/main/win-64/kiwisolver-1.2.0-py38h74a9793_0.conda#e34aae80a83eb36cbe9eccd20acc5650
https://repo.anaconda.com/pkgs/main/win-64/lazy-object-proxy-1.4.3-py38he774522_0.conda#fdc3108d05a0c9227fa7a3c10d81a931
https://repo.anaconda.com/pkgs/main/win-64/llvmlite-0.33.0-py38ha925a31_0.conda#2bba52c5dc8a6a8ec0e2e766def17991
https://repo.anaconda.com/pkgs/main/win-64/locket-0.2.0-py38_1.conda#4941d136beb1fc851b6a4388f728850f
https://repo.anaconda.com/pkgs/main/win-64/lxml-4.5.2-py38h1350720_0.conda#231e625c7eb7c6d7e4244ca8e1c0f73b
https://repo.anaconda.com/pkgs/main/win-64/markupsafe-1.1.1-py38he774522_0.conda#9a7ea488c71d9f3b7ac21c5b9ff3df41
https://repo.anaconda.com/pkgs/main/win-64/mccabe-0.6.1-py38_1.conda#ce80cb65e17540e3ab0e75df3208aad1
https://repo.anaconda.com/pkgs/main/win-64/mistune-0.8.4-py38he774522_1000.conda#e0ef09cc83b9b52c8227139e83d14ecf
https://repo.anaconda.com/pkgs/main/noarch/mock-4.0.2-py_0.conda#8a02bea6e32b4ed7f98165b582f84b04
https://repo.anaconda.com/pkgs/main/noarch/more-itertools-8.4.0-py_0.conda#64d0dd06c15036d4fce34251ae2f96d9
https://repo.anaconda.com/pkgs/main/win-64/mpmath-1.1.0-py38_0.conda#6b94466866f3e1a537078a7c409e0df5
https://repo.anaconda.com/pkgs/main/win-64/msgpack-python-1.0.0-py38h74a9793_1.conda#f281216dda2631fc4411a0750a7e86c2
https://repo.anaconda.com/pkgs/main/noarch/olefile-0.46-py_0.conda#c375c94096c0e2d79eba3b89f60dca93
https://repo.anaconda.com/pkgs/main/win-64/pandocfilters-1.4.2-py38_1.conda#295be6c0751594a962e54ee2991d7ac5
https://repo.anaconda.com/pkgs/main/noarch/parso-0.7.0-py_0.conda#7b01cf30004c18ff2ac0b3caef5d77be
https://repo.anaconda.com/pkgs/main/win-64/path-13.1.0-py38_0.conda#fa8176e484fae6fb13f5bc50040ccbab
https://repo.anaconda.com/pkgs/main/noarch/pathtools-0.1.2-py_1.conda#b2c7f06f3d61c78e29f24fb86f1915aa
https://repo.anaconda.com/pkgs/main/win-64/pep8-1.7.1-py38_0.conda#d2caa6ab0a2f3d3f1a37f7791fbcbb1e
https://repo.anaconda.com/pkgs/main/win-64/pexpect-4.8.0-py38_0.conda#4605e4163999e08c687d2223165deb4d
https://repo.anaconda.com/pkgs/main/win-64/pickleshare-0.7.5-py38_1000.conda#6d6fbe9fc82354d105bf7637dc83bc5c
https://repo.anaconda.com/pkgs/main/win-64/pkginfo-1.5.0.1-py38_0.conda#5c7940a94e1698ce729870152c40cff9
https://repo.anaconda.com/pkgs/main/win-64/pluggy-0.13.1-py38_0.conda#86f632995cc700b1ef43d1b389c5386f
https://repo.anaconda.com/pkgs/main/win-64/ply-3.11-py38_0.conda#f0a42f60ebe310e1699b74fe8e02c70b
https://repo.anaconda.com/pkgs/main/win-64/powershell_shortcut-0.0.1-3.conda#04d7f30365171dc60e4294ab53cfa3d1
https://repo.anaconda.com/pkgs/main/noarch/prometheus_client-0.8.0-py_0.conda#e97cfffca2f22efdf2e3f4d7ae6fdd12
https://repo.anaconda.com/pkgs/main/win-64/psutil-5.7.0-py38he774522_0.conda#13da93825b6d18880c6a1b734795ca94
https://repo.anaconda.com/pkgs/main/noarch/py-1.9.0-py_0.conda#957dff9d611d06689dba843f7851d617
https://repo.anaconda.com/pkgs/main/win-64/py-lief-0.10.1-py38ha925a31_0.conda#cfccc5d42fef33757b04dca6b511b705
https://repo.anaconda.com/pkgs/main/noarch/pycodestyle-2.6.0-py_0.conda#7eda3f709a6c0dbe5081e0742ff40b1a
https://repo.anaconda.com/pkgs/main/win-64/pycosat-0.6.3-py38he774522_0.conda#27d8d610d9b8c122de006e5d40d54851
https://repo.anaconda.com/pkgs/main/noarch/pycparser-2.20-py_2.conda#fcfeb621c6f895f3562ff01d9d6ce959
https://repo.anaconda.com/pkgs/main/win-64/pycryptodome-3.9.8-py38he774522_0.conda#0ef87e94ce23979a353295b617b59ac4
https://repo.anaconda.com/pkgs/main/win-64/pycurl-7.43.0.5-py38h7a1dbc1_0.conda#54ab3b27dae32890cfda10f0155699d7
https://repo.anaconda.com/pkgs/main/noarch/pyflakes-2.2.0-py_0.conda#40fa0e3b3c660d7ea3c65f151441e5b4
https://repo.anaconda.com/pkgs/main/win-64/pyodbc-4.0.30-py38ha925a31_0.conda#26e12e1aae0022e5cdde72ec2aa33059
https://repo.anaconda.com/pkgs/main/noarch/pyparsing-2.4.7-py_0.conda#d6fe929a2cfbb096d7c66632036acd20
https://repo.anaconda.com/pkgs/main/win-64/pyreadline-2.1-py38_1.conda#107e59c5a65ce598705169323d12583e
https://repo.anaconda.com/pkgs/main/noarch/python-libarchive-c-2.9-py_0.conda#17117f74dd274d0a25f53d1376cb9b10
https://repo.anaconda.com/pkgs/main/noarch/pytz-2020.1-py_0.conda#01cec12ecd4a6e162d4ed2349929e81b
https://repo.anaconda.com/pkgs/main/win-64/pywin32-ctypes-0.2.0-py38_1000.conda#4cd2bf22ac3f09c16df6e3139168471b
https://repo.anaconda.com/pkgs/main/win-64/pywinpty-0.5.7-py38_0.conda#94ca30c9b7fc525c144c2886b6d3ffd3
https://repo.anaconda.com/pkgs/main/win-64/pyyaml-5.3.1-py38he774522_1.conda#1423793a745ca282c775ac463bba5bf9
https://repo.anaconda.com/pkgs/main/win-64/pyzmq-19.0.1-py38ha925a31_1.conda#9ef2dd86c9ff839fc284ac91c81a341c
https://repo.anaconda.com/pkgs/main/noarch/qdarkstyle-2.8.1-py_0.conda#acf57f4dc04438e54eb81aa30e27512a
https://repo.anaconda.com/pkgs/main/noarch/qtpy-1.9.0-py_0.conda#1222a57e1d3c2e707ae488aa3c1f4fc0
https://repo.anaconda.com/pkgs/main/win-64/regex-2020.6.8-py38he774522_0.conda#88ff3c5de3786d876fa3fe2dea4806ac
https://repo.anaconda.com/pkgs/main/noarch/rope-0.17.0-py_0.conda#1208258ac8ba036485e7485db8b2271b
https://repo.anaconda.com/pkgs/main/win-64/rtree-0.9.4-py38h21ff451_1.conda#8078755b9056ec1c7e8f92d323b4fd81
https://repo.anaconda.com/pkgs/main/win-64/ruamel_yaml-0.15.87-py38he774522_1.conda#0ffc4e788e2429a2af07d77ee2673590
https://repo.anaconda.com/pkgs/main/win-64/send2trash-1.5.0-py38_0.conda#84ad4789386dc35ba5822801176bbc69
https://repo.anaconda.com/pkgs/main/win-64/simplegeneric-0.8.1-py38_2.conda#740ed591c1af6be4f4c836f92ddc8079
https://repo.anaconda.com/pkgs/main/win-64/sip-4.19.13-py38ha925a31_0.conda#30f4e6f96491b848ced42320fac5645d
https://repo.anaconda.com/pkgs/main/noarch/six-1.15.0-py_0.conda#54c2e03874b7bba2404be8ee23148927
https://repo.anaconda.com/pkgs/main/noarch/snowballstemmer-2.0.0-py_0.conda#3a54aa015cdcb6680160f83766472df1
https://repo.anaconda.com/pkgs/main/noarch/sortedcontainers-2.2.2-py_0.conda#f5e15e97b0457358e404b446b0b18f80
https://repo.anaconda.com/pkgs/main/noarch/soupsieve-2.0.1-py_0.conda#ed7885f78dfa2cb62dd369f113763e0b
https://repo.anaconda.com/pkgs/main/win-64/sphinxcontrib-1.0-py38_1.conda#1fe0013e4b093f29b8e55be043865734
https://repo.anaconda.com/pkgs/main/noarch/sphinxcontrib-applehelp-1.0.2-py_0.conda#cc81794aa5469ba725c420c30e4ef052
https://repo.anaconda.com/pkgs/main/noarch/sphinxcontrib-devhelp-1.0.2-py_0.conda#8f8bdfe835085e546f64399bc8c6fcca
https://repo.anaconda.com/pkgs/main/noarch/sphinxcontrib-htmlhelp-1.0.3-py_0.conda#e2d0dafe22d7f65ecaa5ac306b5099a4
https://repo.anaconda.com/pkgs/main/noarch/sphinxcontrib-jsmath-1.0.1-py_0.conda#05613932ea7c7d6210a6c88cdb2baf77
https://repo.anaconda.com/pkgs/main/noarch/sphinxcontrib-qthelp-1.0.3-py_0.conda#7628b9acffb0123f8037a1f00f2cd5d8
https://repo.anaconda.com/pkgs/main/noarch/sphinxcontrib-serializinghtml-1.1.4-py_0.conda#0a92ac851f5da0661b8e2f8feca6bf7f
https://repo.anaconda.com/pkgs/main/win-64/sqlalchemy-1.3.18-py38he774522_0.conda#c09a38d55c78e66b425f17e7f35ce691
https://repo.anaconda.com/pkgs/main/noarch/tblib-1.6.0-py_0.conda#a5952dbc9bd5dd764e8c3abf7f65cd55
https://repo.anaconda.com/pkgs/main/noarch/testpath-0.4.4-py_0.conda#57cb09e3fb1951383f6765780cfb2dca
https://repo.anaconda.com/pkgs/main/noarch/threadpoolctl-2.1.0-pyh5ca1d4c_0.conda#d7fb4986840739d43bfdc97f860464bd
https://repo.anaconda.com/pkgs/main/noarch/toml-0.10.1-py_0.conda#1b644e2153dff00c27514b97d74fbd30
https://repo.anaconda.com/pkgs/main/noarch/toolz-0.10.0-py_0.conda#0de85a5d8ef1fc976d9180fb4e7c60d8
https://repo.anaconda.com/pkgs/main/win-64/tornado-6.0.4-py38he774522_1.conda#88dcf0ff720d8ce614eed1bd8b573554
https://repo.anaconda.com/pkgs/main/noarch/tqdm-4.47.0-py_0.conda#5a7bcf4d743553e5e6c4b58ccdfa9230
https://repo.anaconda.com/pkgs/main/noarch/typing_extensions-3.7.4.2-py_0.conda#66298bbae2d575a32f246102be6ce93b
https://repo.anaconda.com/pkgs/main/win-64/ujson-1.35-py38he774522_0.conda#2a2c127ca2107517044903e29dc8ffe9
https://repo.anaconda.com/pkgs/main/win-64/unicodecsv-0.14.1-py38_0.conda#baf4e57894edbc021bed01fbe4145801
https://repo.anaconda.com/pkgs/main/noarch/wcwidth-0.2.5-py_0.conda#b7c958085cc261c78cf66df14926fafe
https://repo.anaconda.com/pkgs/main/win-64/webencodings-0.5.1-py38_1.conda#da7c8f505b0c9449216211e3410eecd8
https://repo.anaconda.com/pkgs/main/noarch/werkzeug-1.0.1-py_0.conda#e2bbf09c9e0344b7213a6e75237f16ad
https://repo.anaconda.com/pkgs/main/win-64/win_inet_pton-1.1.0-py38_0.conda#87eb2440ee96bb1353e20d435ac45a20
https://repo.anaconda.com/pkgs/main/win-64/win_unicode_console-0.5-py38_0.conda#a2975f4ef70f23a0982c26de3a315f47
https://repo.anaconda.com/pkgs/main/win-64/wincertstore-0.2-py38_0.conda#b4dd4690d318c0532f3d198486a54a2f
https://repo.anaconda.com/pkgs/main/win-64/wrapt-1.11.2-py38he774522_0.conda#bdbd9a96bff0f728536619947d895fa4
https://repo.anaconda.com/pkgs/main/noarch/xlrd-1.2.0-py_0.conda#001b843d1661b6ea51bfc8ac6dd5ea53
https://repo.anaconda.com/pkgs/main/noarch/xlsxwriter-1.2.9-py_0.conda#8dad41212bf59bff813cc3ddfd73577f
https://repo.anaconda.com/pkgs/main/win-64/xlwt-1.3.0-py38_0.conda#885193c8bde9e2932f9e5f6f38861530
https://repo.anaconda.com/pkgs/main/noarch/yapf-0.30.0-py_0.conda#261c39a6172cba9060703ecf9a26fe29
https://repo.anaconda.com/pkgs/main/noarch/zipp-3.1.0-py_0.conda#1f4b6d7b01b2e3a8c480454af14c7da8
https://repo.anaconda.com/pkgs/main/win-64/zope-1.0-py38_1.conda#3e92021c8981d3507323c515fdeecf8c
https://repo.anaconda.com/pkgs/main/noarch/autopep8-1.5.3-py_0.conda#dbb67a66d2f41d23ad6126cff63fef86
https://repo.anaconda.com/pkgs/main/noarch/babel-2.8.0-py_0.conda#501ac10d20577fa3931e5385d329d785
https://repo.anaconda.com/pkgs/main/win-64/backports.shutil_get_terminal_size-1.0.0-py38_2.conda#7cbae1d9e4cb781f6a8868e0df5aa00a
https://repo.anaconda.com/pkgs/main/win-64/beautifulsoup4-4.9.1-py38_0.conda#dfec865f6b37cb8a4a67325a8933e493
https://repo.anaconda.com/pkgs/main/win-64/cffi-1.14.0-py38h7a1dbc1_0.conda#1578c0fe23b66effe1648be56c133f55
https://repo.anaconda.com/pkgs/main/win-64/cycler-0.10.0-py38_0.conda#cd06a66f28e2493dfa48ce5e1d9860fb
https://repo.anaconda.com/pkgs/main/win-64/cytoolz-0.10.1-py38he774522_0.conda#e908a6e761627361208876afc4bedbf1
https://repo.anaconda.com/pkgs/main/noarch/dask-core-2.20.0-py_0.conda#447a436b5f3f18252ad06dd8b5f9987c
https://repo.anaconda.com/pkgs/main/noarch/html5lib-1.1-py_0.conda#db124af3030657ec01eee57ebd9f3b6a
https://repo.anaconda.com/pkgs/main/win-64/importlib-metadata-1.7.0-py38_0.conda#cd4e6afce40e77f5aa3277cae62db5c4
https://repo.anaconda.com/pkgs/main/noarch/intervaltree-3.0.2-py_1.conda#691b9a49a9e60cc719fbc7412e07b789
https://repo.anaconda.com/pkgs/main/win-64/jedi-0.17.1-py38_0.conda#3e83802600041eb84cecfba9eb01e736
https://repo.anaconda.com/pkgs/main/win-64/keyring-21.2.1-py38_0.conda#3bec93d51a1f97dd7b226475ea4f7bd4
https://repo.anaconda.com/pkgs/main/win-64/mkl-service-2.3.0-py38hb782905_0.conda#58f46fb44529302911572814bcba5579
https://repo.anaconda.com/pkgs/main/win-64/multipledispatch-0.6.0-py38_0.conda#00e73ea1d5828a37ae12052ab11113d7
https://repo.anaconda.com/pkgs/main/noarch/openpyxl-3.0.4-py_0.conda#b1d8758c4cc4c3f8bcae5f9aa449b898
https://repo.anaconda.com/pkgs/main/noarch/packaging-20.4-py_0.conda#c153f3660d2f48562bb44779afccbd8b
https://repo.anaconda.com/pkgs/main/noarch/partd-1.1.0-py_0.conda#fa10a0623b027cd5b075d6d14c45e778
https://repo.anaconda.com/pkgs/main/noarch/path.py-12.4.0-0.conda#9486083de9b88024c3011a2c71767154
https://repo.anaconda.com/pkgs/main/win-64/pathlib2-2.3.5-py38_0.conda#ab06b2e3aba2a2587028078caa0ff822
https://repo.anaconda.com/pkgs/main/noarch/pefile-2019.4.18-py_0.conda#ea2e4f3d0a2e5a8e2aed413dc07f6e62
https://repo.anaconda.com/pkgs/main/win-64/pillow-7.2.0-py38hcc1f983_0.conda#b81bb0825241272b56d32e6d3eaf82da
https://repo.anaconda.com/pkgs/main/noarch/pydocstyle-5.0.2-py_0.conda#1ce86b3063c60a6873decaaebbbefc33
https://repo.anaconda.com/pkgs/main/win-64/pyqt-5.9.2-py38ha925a31_4.conda#de16a2afd30177daf3a0c40f59424de1
https://repo.anaconda.com/pkgs/main/win-64/pyrsistent-0.16.0-py38he774522_0.conda#1879c7e44dff5e6d0e722604c213209b
https://repo.anaconda.com/pkgs/main/win-64/pysocks-1.7.1-py38_0.conda#9b0b1b854618468dbbb143b76a2c8335
https://repo.anaconda.com/pkgs/main/noarch/python-dateutil-2.8.1-py_0.conda#062ee583dae450d908d45d6c08beae97
https://repo.anaconda.com/pkgs/main/noarch/python-jsonrpc-server-0.3.4-py_1.conda#064cd7150a1bd8ea99346ecc899c96dd
https://repo.anaconda.com/pkgs/main/noarch/qtawesome-0.7.2-py_0.conda#1db103f0268b5fe0d3043e78f6338075
https://repo.anaconda.com/pkgs/main/win-64/setuptools-49.2.0-py38_0.conda#83a1c02ae2cbf552959cb3b2405fb306
https://repo.anaconda.com/pkgs/main/win-64/singledispatch-3.4.0.3-py38_0.conda#484c2e41d923d78845f86b1187a7a4bc
https://repo.anaconda.com/pkgs/main/noarch/sortedcollections-1.2.1-py_0.conda#f54f0237ba6e665cf14576acad384e9e
https://repo.anaconda.com/pkgs/main/noarch/sphinxcontrib-websupport-1.2.3-py_0.conda#cbd11accb1c8523d285e569f31df03d3
https://repo.anaconda.com/pkgs/main/win-64/sympy-1.6.1-py38_0.conda#00d07c8e184541c23d88b4d19f2128e2
https://repo.anaconda.com/pkgs/main/win-64/terminado-0.8.3-py38_0.conda#2788dfc740f64710309677d02aa6b9e3
https://repo.anaconda.com/pkgs/main/win-64/traitlets-4.3.3-py38_0.conda#26e9c41ae1b47a4ab7dccceae4b5d190
https://repo.anaconda.com/pkgs/main/win-64/watchdog-0.10.3-py38_0.conda#95e32d17147dd5acf36fe071c4f00ac8
https://repo.anaconda.com/pkgs/main/win-64/xlwings-0.19.5-py38_0.conda#7266487a5186a33fd6e42aa82c7dbb80
https://repo.anaconda.com/pkgs/main/noarch/zict-2.0.0-py_0.conda#ef0dbd0d409928b8708321ec37d72c17
https://repo.anaconda.com/pkgs/main/win-64/zope.interface-4.7.1-py38he774522_0.conda#8b44967056e0906eebc1586442cb450d
https://repo.anaconda.com/pkgs/main/noarch/altgraph-0.17-py_0.conda#1be19653ff068b3f649c2199d2912ed1
https://repo.anaconda.com/pkgs/main/win-64/astroid-2.4.2-py38_0.conda#500c4a86d551fc5f8a6e9ea18020a20c
https://repo.anaconda.com/pkgs/main/noarch/bleach-3.1.5-py_0.conda#ee6d6f661ed85bc7566d0dddf546dba8
https://repo.anaconda.com/pkgs/main/win-64/brotlipy-0.7.0-py38he774522_1000.conda#3de073148f0b2821d1f0de9d03cfb589
https://repo.anaconda.com/pkgs/main/win-64/clyent-1.2.2-py38_1.conda#3ca293e0e3c806dd84afbff6b6cacec2
https://repo.anaconda.com/pkgs/main/win-64/cryptography-2.9.2-py38h7a1dbc1_0.conda#ab3f2ca632b60d40ae8eef1fa96f8327
https://repo.anaconda.com/pkgs/main/win-64/cython-0.29.21-py38ha925a31_0.conda#3f3cb10abd40e17634acc334448df239
https://repo.anaconda.com/pkgs/main/win-64/distributed-2.20.0-py38_0.conda#307f06e6cf854b8f7f5501eb28e613bb
https://repo.anaconda.com/pkgs/main/noarch/flake8-3.8.3-py_0.conda#36f6da7ee2df03acf4c4ff8f1b3dec7f
https://repo.anaconda.com/pkgs/main/win-64/get_terminal_size-1.0.0-h38e98db_0.conda#3e992d301b038e4f744e419d3a98f8bb
https://repo.anaconda.com/pkgs/main/noarch/importlib_metadata-1.7.0-0.conda#23f2c6fd9b40edc06aea0623a122fe1e
https://repo.anaconda.com/pkgs/main/win-64/isort-4.3.21-py38_0.conda#91c77a9630d2c880b3db6f16d9d16936
https://repo.anaconda.com/pkgs/main/noarch/jinja2-2.11.2-py_0.conda#9d77f247a7af567167e8edfd6e058fcb
https://repo.anaconda.com/pkgs/main/noarch/joblib-0.16.0-py_0.conda#5ee89d7ea2b666323202d055ecfc85eb
https://repo.anaconda.com/pkgs/main/win-64/jupyter_core-4.6.3-py38_0.conda#8308a00933d8ee292104f14c3c6e953c
https://repo.anaconda.com/pkgs/main/noarch/networkx-2.4-py_1.conda#e3449e7d56aebe9dabe0fb00c0a787c4
https://repo.anaconda.com/pkgs/main/win-64/nose-1.3.7-py38_2.conda#7b3a0478693d9e239b6d2d509cef2a01
https://repo.anaconda.com/pkgs/main/win-64/numpy-base-1.18.5-py38hc3f5095_0.conda#06c122887c69e3bfbb4150cbfb83bb41
https://repo.anaconda.com/pkgs/main/noarch/pygments-2.6.1-py_0.conda#ccf82aceec9ed2c0c7be149dd1ecc1a4
https://repo.anaconda.com/pkgs/main/win-64/pynacl-1.4.0-py38h62dcd97_1.conda#5eb75395d71158cb32b968d5bf25e99b
https://repo.anaconda.com/pkgs/main/win-64/pytest-5.4.3-py38_0.conda#45debf566bf601659a132598b5355d89
https://repo.anaconda.com/pkgs/main/win-64/wheel-0.34.2-py38_0.conda#cff4d885035fcab4274ef42ac80adff9
https://repo.anaconda.com/pkgs/main/win-64/zope.event-4.4-py38_0.conda#2b541dd0bd30428019c8fdb6c17fba5c
https://repo.anaconda.com/pkgs/main/noarch/flask-1.1.2-py_0.conda#47b44a8aee5c82991dfc3a80836e3e22
https://repo.anaconda.com/pkgs/main/win-64/gevent-20.6.2-py38he774522_0.conda#c4b2f49cd08be6b030dcc574a72afdf0
https://repo.anaconda.com/pkgs/main/win-64/jsonschema-3.2.0-py38_0.conda#3fa25ad2e10fbf7da83dd9d30bed30ec
https://repo.anaconda.com/pkgs/main/noarch/jupyter_client-6.1.6-py_0.conda#eccd4f1dd993f43dc15635396791141f
https://repo.anaconda.com/pkgs/main/noarch/macholib-1.14-py_1.conda#edad04620b21dc1f09a69d2114fda1e1
https://repo.anaconda.com/pkgs/main/noarch/nltk-3.5-py_0.conda#5b9f085596fced219a31d7576ac67b95
https://repo.anaconda.com/pkgs/main/win-64/pip-20.1.1-py38_1.conda#b88ad0514a77dcb89397272035788654
https://repo.anaconda.com/pkgs/main/noarch/prompt-toolkit-3.0.5-py_0.conda#a5df131b282da37aa1114bf1887c6783
https://repo.anaconda.com/pkgs/main/win-64/pylint-2.5.3-py38_0.conda#72e298f13f8021536f24fba5a6d51d42
https://repo.anaconda.com/pkgs/main/noarch/pyopenssl-19.1.0-py_1.conda#5a2997fbd2c8d8926e08a1ed0d1cc8fe
https://repo.anaconda.com/pkgs/main/win-64/bcrypt-3.1.7-py38he774522_1.conda#83a22ab1a3bd604e061c4832ae522173
https://repo.anaconda.com/pkgs/main/win-64/ipython-7.16.1-py38h5ca1d4c_0.conda#b328e34652be3bbe6d11589f5a18f6ca
https://repo.anaconda.com/pkgs/main/noarch/nbformat-5.0.7-py_0.conda#a79a6b8519be83d6fcc541b73d6b9135
https://repo.anaconda.com/pkgs/main/noarch/prompt_toolkit-3.0.5-0.conda#484bc4a48651c15b54418fc7b5de363d
https://repo.anaconda.com/pkgs/main/win-64/pyinstaller-3.6-py38h62dcd97_5.conda#e0c86fcbac03d81a3697f8c75ed40ca4
https://repo.anaconda.com/pkgs/main/win-64/python-language-server-0.34.1-py38_0.conda#3e57a2fec886dec2fff7e5c646e31149
https://repo.anaconda.com/pkgs/main/noarch/urllib3-1.25.9-py_0.conda#6c261b0862c44f0640a01cdbb989399d
https://repo.anaconda.com/pkgs/main/win-64/ipykernel-5.3.2-py38h5ca1d4c_0.conda#ffc93a5440769727db01c5abe719c644
https://repo.anaconda.com/pkgs/main/win-64/nbconvert-5.6.1-py38_0.conda#93705a628304a0c3435fbe8c90d86265
https://repo.anaconda.com/pkgs/main/noarch/paramiko-2.7.1-py_0.conda#82bb15f391ed29d0bcdef3185174f66a
https://repo.anaconda.com/pkgs/main/noarch/requests-2.24.0-py_0.conda#7e39484a07f30dd32a52bed7306bff02
https://repo.anaconda.com/pkgs/main/win-64/anaconda-client-1.7.2-py38_0.conda#d3ce7537b55300f9ef9bffcbbcb1eae2
https://repo.anaconda.com/pkgs/main/noarch/jupyter_console-6.1.0-py_0.conda#cf263cf41cb14e6467b6f51a58094d0e
https://repo.anaconda.com/pkgs/main/win-64/notebook-6.0.3-py38_0.conda#cee212cfc8ddbacad3d44beb45bcec1c
https://repo.anaconda.com/pkgs/main/noarch/qtconsole-4.7.5-py_0.conda#9bb9315a65e37a9ed4ff9edf8157789c
https://repo.anaconda.com/pkgs/main/noarch/sphinx-3.1.2-py_0.conda#527e002807caa01c5ca987b7dbb43b84
https://repo.anaconda.com/pkgs/main/win-64/spyder-kernels-1.9.2-py38_0.conda#15b3ab24ce1998c27a0a0ec15e4d4c26
https://repo.anaconda.com/pkgs/main/noarch/anaconda-project-0.8.4-py_0.conda#a567fe10e4aa89b12676e0065752dd8f
https://repo.anaconda.com/pkgs/main/noarch/jupyterlab_server-1.2.0-py_0.conda#dbf166cd2dbf602281afc84feb4bae75
https://repo.anaconda.com/pkgs/main/noarch/numpydoc-1.1.0-py_0.conda#6303edcb01e121e5126185b4ac60800a
https://repo.anaconda.com/pkgs/main/win-64/widgetsnbextension-3.5.1-py38_0.conda#79f7fabebc4463d92e97b5c13e00d264
https://repo.anaconda.com/pkgs/main/noarch/ipywidgets-7.5.1-py_0.conda#bdae384ce2764a432ca066116ff57d4c
https://repo.anaconda.com/pkgs/main/noarch/jupyterlab-2.1.5-py_0.conda#08de6423104afe3f18e55ffc83916eb9
https://repo.anaconda.com/pkgs/main/win-64/spyder-4.1.4-py38_0.conda#787cc3ffa5a23807fc947ec1444e8730
https://repo.anaconda.com/pkgs/main/win-64/jupyter-1.0.0-py38_7.conda#32b3ad58b20122ddadbca887d85989b9
https://repo.anaconda.com/pkgs/main/noarch/imageio-2.9.0-py_0.conda#697401aa1eba2ebe4993bbf7b7fd0e65
https://repo.anaconda.com/pkgs/main/win-64/astropy-4.0.1.post1-py38he774522_1.conda#afb3160c85038485cf4c62e7921d13ba
https://repo.anaconda.com/pkgs/main/win-64/bokeh-2.1.1-py38_0.conda#696d863e2ece26c0bbb6837a5bf94fd8
https://repo.anaconda.com/pkgs/main/win-64/bottleneck-1.3.2-py38h2a96729_1.conda#25b3cc2784b911d709962616245fc627
https://repo.anaconda.com/pkgs/main/win-64/h5py-2.10.0-py38h5e291fa_0.conda#e0e4d7c542c5b167108e1d583bb36ebe
https://repo.anaconda.com/pkgs/main/win-64/matplotlib-3.2.2-0.conda#4805148dd3c849fcb84efbee96bd7264
https://repo.anaconda.com/pkgs/main/win-64/matplotlib-base-3.2.2-py38h64f37c6_0.conda#6509c59f9bbe387f4d3e02376dcae573
https://repo.anaconda.com/pkgs/main/win-64/mkl_fft-1.1.0-py38h45dec08_0.conda#00c1d25e8c9bf1900c69acc107fb478c
https://repo.anaconda.com/pkgs/main/win-64/mkl_random-1.1.1-py38h47e9c7a_0.conda#804bd1243b4dce978cec96f7c86582be
https://repo.anaconda.com/pkgs/main/win-64/numpy-1.18.5-py38h6530119_0.conda#c74e8d3b5d89d3edde2796cf4b9bc807
https://repo.anaconda.com/pkgs/main/win-64/numba-0.50.1-py38h47e9c7a_0.conda#7e041c12626b2f0de5e419462de27f9c
https://repo.anaconda.com/pkgs/main/win-64/numexpr-2.7.1-py38h25d0782_0.conda#47fd8a3c28045eab0cedc9782bdb8ea0
https://repo.anaconda.com/pkgs/main/win-64/pandas-1.0.5-py38h47e9c7a_0.conda#2dd66a787b0f5af18a31aa147739566a
https://repo.anaconda.com/pkgs/main/win-64/pywavelets-1.1.1-py38he774522_0.conda#fa14956b0b08bca726cea5e10bfb0221
https://repo.anaconda.com/pkgs/main/win-64/scipy-1.5.0-py38h9439919_0.conda#a56f2b1c46f3451dc4dcd0da8b718337
https://repo.anaconda.com/pkgs/main/win-64/bkcharts-0.2-py38_0.conda#efba506926a4ee1160d459da0611699f
https://repo.anaconda.com/pkgs/main/noarch/dask-2.20.0-py_0.conda#8b03e5275cc930675bf82742107f07e7
https://repo.anaconda.com/pkgs/main/win-64/patsy-0.5.1-py38_0.conda#f38d7a7e540a74ad87910431b9ca673b
https://repo.anaconda.com/pkgs/main/win-64/pytables-3.6.1-py38ha5be198_0.conda#61b742b8b044bcb2b4b662f147a113e5
https://repo.anaconda.com/pkgs/main/win-64/scikit-image-0.16.2-py38h47e9c7a_0.conda#ed406f0fe6d4006cc40cfca11ba3b550
https://repo.anaconda.com/pkgs/main/win-64/scikit-learn-0.23.1-py38h25d0782_0.conda#2ec528a84314c584c05be041463a1e5f
https://repo.anaconda.com/pkgs/main/noarch/seaborn-0.10.1-py_0.conda#18bc55951f8ff66dd3a1baaca8bd6234
https://repo.anaconda.com/pkgs/main/win-64/statsmodels-0.11.1-py38he774522_0.conda#24dd24c46782926949c599d22b50d81e
https://repo.anaconda.com/pkgs/main/win-64/anaconda-2020.07-py38_0.conda#e9c5531bea24d747e0541c3e1aecc169
