# platform: win-64
# env_hash: fbbb3a30a5dff3168c0e198a731f28801ad918ab35d2350de1d2791cb6c30379
@EXPLICIT
https://repo.anaconda.com/pkgs/main/win-64/ca-certificates-2020.10.14-0.conda#9d96de9af63d73ddfa3681530d3de400
https://repo.anaconda.com/pkgs/main/win-64/icc_rt-2019.0.0-h0cc432a_1.conda#405bdc839505f7a9657648ab1bb98c0b
https://repo.anaconda.com/pkgs/main/win-64/intel-openmp-2020.2-254.conda#27c498bf6f2da822ed01b58293a3c77e
https://conda.anaconda.org/conda-forge/win-64/vs2015_runtime-14.16.27012-h30e32a0_2.tar.bz2#37a0bcc72c5e97f5602dca37eb3f8314
https://repo.anaconda.com/pkgs/main/win-64/mkl-2020.2-256.conda#a7cc3536d4b5906682a863866e601683
https://conda.anaconda.org/conda-forge/win-64/vc-14.1-h869be7e_1.tar.bz2#4fae57303daa91367eca263374e4a638
https://conda.anaconda.org/conda-forge/win-64/blas-1.0-mkl.tar.bz2#f621d7bbe874786272e62d72c5a7b4fc
https://repo.anaconda.com/pkgs/main/win-64/icu-58.2-ha925a31_3.conda#f6654b7569b42712970bedd22781eb70
https://repo.anaconda.com/pkgs/main/win-64/jpeg-9b-hb83a4c4_2.conda#b1357d1cfb8fa7feb3d77792009e0a22
https://repo.anaconda.com/pkgs/main/win-64/lz4-c-1.9.2-hf4a77e7_3.conda#a03e609ffd95dfdef996357935f10def
https://conda.anaconda.org/conda-forge/win-64/openssl-1.1.1h-he774522_0.tar.bz2#21844b16355ef8faa21fca97794d6825
https://conda.anaconda.org/conda-forge/win-64/sqlite-3.33.0-he774522_1.tar.bz2#d71a870ed0940cdf9f4bcb827d12ead6
https://conda.anaconda.org/conda-forge/win-64/tk-8.6.10-he774522_0.tar.bz2#07ef2d9dcc15eb934da40ad57c4bab94
https://repo.anaconda.com/pkgs/main/win-64/xz-5.2.5-h62dcd97_0.conda#31fb0218c036a3afd2e0fa7f5081606d
https://conda.anaconda.org/conda-forge/win-64/yaml-0.2.5-he774522_0.tar.bz2#d41c34441d8bbb6d141e691ae7bccf35
https://repo.anaconda.com/pkgs/main/win-64/zlib-1.2.11-h62dcd97_4.conda#0f377236eb18c0c2bb486c9c07c7a0c3
https://repo.anaconda.com/pkgs/main/win-64/libpng-1.6.37-h2a8f88b_0.conda#d99c2cf18a0d5a65e8f2928fa4ddbee4
https://conda.anaconda.org/conda-forge/win-64/python-3.8.6-h60c2a47_0_cpython.tar.bz2#b6c4723a2ba9b8f68521404bc0d23462
https://repo.anaconda.com/pkgs/main/win-64/zstd-1.4.5-h04227a9_0.conda#5d5da5f93d6619e9a858d6b4cdc7f21e
https://repo.anaconda.com/pkgs/main/win-64/certifi-2020.11.8-py38haa95532_0.conda#d05108df95635acd92b216c452654be3
https://repo.anaconda.com/pkgs/main/noarch/click-7.1.2-py_0.conda#122e0ead7703cf4f04a36b34e2d1f9a2
https://conda.anaconda.org/conda-forge/win-64/freetype-2.10.4-hd328e21_0.tar.bz2#2a8e3917bc23b5619d77d3b559d70e01
https://conda.anaconda.org/conda-forge/noarch/itsdangerous-1.1.0-py_0.tar.bz2#8afda875561afffed1115fd247fdd61e
https://repo.anaconda.com/pkgs/main/win-64/kiwisolver-1.3.0-py38hd77b12b_0.conda#a1f80836fd35dc94f5a4748bc58cbf69
https://repo.anaconda.com/pkgs/main/win-64/libtiff-4.1.0-h56a325e_1.conda#82910674cb3fd88ec51f27fb73cf9501
https://repo.anaconda.com/pkgs/main/win-64/markupsafe-1.1.1-py38he774522_0.conda#9a7ea488c71d9f3b7ac21c5b9ff3df41
https://conda.anaconda.org/conda-forge/noarch/olefile-0.46-py_0.tar.bz2#8a6d3394763144710916ecf556c6287d
https://repo.anaconda.com/pkgs/main/noarch/pyparsing-2.4.7-py_0.conda#d6fe929a2cfbb096d7c66632036acd20
https://conda.anaconda.org/conda-forge/win-64/python_abi-3.8-1_cp38.tar.bz2#18ced0580562dca07ae039050748cc50
https://repo.anaconda.com/pkgs/main/noarch/pytz-2020.1-py_0.conda#01cec12ecd4a6e162d4ed2349929e81b
https://repo.anaconda.com/pkgs/main/win-64/pyyaml-5.3.1-py38he774522_1.conda#1423793a745ca282c775ac463bba5bf9
https://repo.anaconda.com/pkgs/main/win-64/qt-5.9.7-vc14h73c81de_0.conda#7e75d685060b82518c5a5320c2923c12
https://repo.anaconda.com/pkgs/main/win-64/sip-4.19.13-py38ha925a31_0.conda#30f4e6f96491b848ced42320fac5645d
https://repo.anaconda.com/pkgs/main/win-64/six-1.15.0-py38haa95532_0.conda#72cda4f412df42887e847655b88523aa
https://repo.anaconda.com/pkgs/main/win-64/tornado-6.0.4-py38he774522_1.conda#88dcf0ff720d8ce614eed1bd8b573554
https://repo.anaconda.com/pkgs/main/noarch/werkzeug-1.0.1-py_0.conda#e2bbf09c9e0344b7213a6e75237f16ad
https://repo.anaconda.com/pkgs/main/win-64/wincertstore-0.2-py38_0.conda#b4dd4690d318c0532f3d198486a54a2f
https://repo.anaconda.com/pkgs/main/win-64/cycler-0.10.0-py38_0.conda#cd06a66f28e2493dfa48ce5e1d9860fb
https://repo.anaconda.com/pkgs/main/win-64/mkl-service-2.3.0-py38h2bbff1b_0.conda#3273c30a24bf3ce1c9929fe5fe28bffb
https://repo.anaconda.com/pkgs/main/win-64/pillow-8.0.1-py38h4fa10fc_0.conda#7bbac059f1bb5ec45d52fd7878e4cf35
https://repo.anaconda.com/pkgs/main/win-64/pyqt-5.9.2-py38ha925a31_4.conda#de16a2afd30177daf3a0c40f59424de1
https://conda.anaconda.org/conda-forge/noarch/python-dateutil-2.8.1-py_0.tar.bz2#0d0150ed9c2d25817f5324108d3f7571
https://repo.anaconda.com/pkgs/main/win-64/setuptools-50.3.1-py38haa95532_1.conda#010f76a416f8450f3eedfc1c043bab03
https://repo.anaconda.com/pkgs/main/noarch/jinja2-2.11.2-py_0.conda#9d77f247a7af567167e8edfd6e058fcb
https://repo.anaconda.com/pkgs/main/win-64/numpy-base-1.19.2-py38ha3acd2a_0.conda#e79ace14eb843b69fd5a8d24d69bfaf3
https://repo.anaconda.com/pkgs/main/noarch/flask-1.1.2-py_0.conda#47b44a8aee5c82991dfc3a80836e3e22
https://repo.anaconda.com/pkgs/main/win-64/matplotlib-3.3.2-0.conda#f3d07d8a226b08ce33f867e6cd12a4be
https://repo.anaconda.com/pkgs/main/win-64/matplotlib-base-3.3.2-py38hba9282a_0.conda#7688735f61844bb5ac078784e12732cd
https://repo.anaconda.com/pkgs/main/win-64/mkl_fft-1.2.0-py38h45dec08_0.conda#ae9efefbe739e693a3bfc9c8fa4ca08c
https://repo.anaconda.com/pkgs/main/win-64/mkl_random-1.1.1-py38h47e9c7a_0.conda#804bd1243b4dce978cec96f7c86582be
https://repo.anaconda.com/pkgs/main/win-64/numpy-1.19.2-py38hadc3359_0.conda#835b58f748db87d97acd7e889d0536af
https://repo.anaconda.com/pkgs/main/win-64/pandas-1.1.3-py38ha925a31_0.conda#1101ba9f103029b0498fd15d707b6620
https://repo.anaconda.com/pkgs/main/win-64/scipy-1.5.2-py38h14eb087_0.conda#f1ed0af499e08bef913db7e030332f68
https://repo.anaconda.com/pkgs/main/win-64/patsy-0.5.1-py38_0.conda#f38d7a7e540a74ad87910431b9ca673b
https://repo.anaconda.com/pkgs/main/win-64/statsmodels-0.12.0-py38he774522_0.conda#d57279fd6c917a135a26eea2b8bf4cfc
