# platform: linux-64
# env_hash: 07afff7ce06ca859ad85ef7af7e3bdc23412f89a293bc394773a0d34a0bd0fe3

@EXPLICIT

https://conda.anaconda.org/conda-forge/linux-64/_libgcc_mutex-0.1-conda_forge.tar.bz2#d7c89558ba9fa0495403155b64376d81
https://conda.anaconda.org/conda-forge/linux-64/ca-certificates-2020.11.8-ha878542_0.tar.bz2#f9cdccd43ac20a0d1637d84d58c6ff5c
https://conda.anaconda.org/conda-forge/linux-64/ld_impl_linux-64-2.35.1-hed1e6ac_0.tar.bz2#d0cf77c331382475133dc6c34e7461d7
https://conda.anaconda.org/conda-forge/linux-64/libgfortran5-9.3.0-he4bcb1c_17.tar.bz2#0c15349375fc3d0cb2114fcabe2f0aba
https://conda.anaconda.org/conda-forge/linux-64/libstdcxx-ng-9.3.0-h2ae2ef3_17.tar.bz2#342f3c931d0a3a209ab09a522469d20c
https://conda.anaconda.org/conda-forge/linux-64/libgfortran-ng-9.3.0-he4bcb1c_17.tar.bz2#f92019e2b944dc3e5d33d0efba4a3461
https://conda.anaconda.org/conda-forge/linux-64/libgomp-9.3.0-h5dbcf3e_17.tar.bz2#8fd587013b9da8b52050268d50c12305
https://conda.anaconda.org/conda-forge/linux-64/_openmp_mutex-4.5-1_gnu.tar.bz2#561e277319a41d4f24f5c05a9ef63c04
https://conda.anaconda.org/conda-forge/linux-64/libgcc-ng-9.3.0-h5dbcf3e_17.tar.bz2#fc9f5adabc4d55cd4b491332adc413e0
https://conda.anaconda.org/conda-forge/linux-64/icu-67.1-he1b5a44_0.tar.bz2#7ced6a5e5c94726af797d2b5a2b09228
https://conda.anaconda.org/conda-forge/linux-64/libffi-3.2.1-he1b5a44_1007.tar.bz2#11389072d7d6036fd811c3d9460475cd
https://conda.anaconda.org/conda-forge/linux-64/libopenblas-0.3.12-pthreads_h4812303_1.tar.bz2#2c7126a584f05e7bc8885d64dad3d21a
https://conda.anaconda.org/conda-forge/linux-64/ncurses-6.2-h58526e2_4.tar.bz2#509f2a21c4a09214cd737a480dfd80c9
https://conda.anaconda.org/conda-forge/linux-64/openssl-1.1.1h-h516909a_0.tar.bz2#3a99e0cb8f325dbf8f616da2d2fb6d4f
https://conda.anaconda.org/conda-forge/linux-64/xz-5.2.5-h516909a_1.tar.bz2#33f601066901f3e1a85af3522a8113f9
https://conda.anaconda.org/conda-forge/linux-64/yaml-0.2.5-h516909a_0.tar.bz2#03a530e925414902547cf48da7756db8
https://conda.anaconda.org/conda-forge/linux-64/zlib-1.2.11-h516909a_1010.tar.bz2#339cc5584e6d26bc73a875ba900028c3
https://conda.anaconda.org/conda-forge/linux-64/libblas-3.9.0-3_openblas.tar.bz2#45bf606ba7dc222c7c3eda0be241c948
https://conda.anaconda.org/conda-forge/linux-64/libpng-1.6.37-h21135ba_2.tar.bz2#b6acf807307d033d4b7e758b4f44b036
https://conda.anaconda.org/conda-forge/linux-64/readline-8.0-he28a2e2_2.tar.bz2#4d0ae8d473f863696088f76800ef9d38
https://conda.anaconda.org/conda-forge/linux-64/tk-8.6.10-hed695b0_1.tar.bz2#7ef837cd455bd0f19f49b8b62d4cb568
https://conda.anaconda.org/conda-forge/linux-64/freetype-2.10.4-h7ca028e_0.tar.bz2#1e6bf409916fdf455a5bb8627b626285
https://conda.anaconda.org/conda-forge/linux-64/libcblas-3.9.0-3_openblas.tar.bz2#2499ea2d37a37324abab3fd034faab44
https://conda.anaconda.org/conda-forge/linux-64/liblapack-3.9.0-3_openblas.tar.bz2#8fd9fca8f58e6e132f55dd2330cae671
https://conda.anaconda.org/conda-forge/linux-64/sqlite-3.33.0-h4cf870e_1.tar.bz2#1968ff6c4b8fbd2903f6672e292d932d
https://conda.anaconda.org/conda-forge/linux-64/python-3.8.6-h852b56e_0_cpython.tar.bz2#dd65401dfb61ac030edc0dc4d15c2c51
https://conda.anaconda.org/conda-forge/noarch/click-7.1.2-pyh9f0ad1d_0.tar.bz2#bd50a970ce07e660c319fdc4d730d3f1
https://conda.anaconda.org/conda-forge/noarch/itsdangerous-1.1.0-py_0.tar.bz2#8afda875561afffed1115fd247fdd61e
https://conda.anaconda.org/conda-forge/noarch/pyparsing-2.4.7-pyh9f0ad1d_0.tar.bz2#626c4f20d5bf06dcec9cf2eaa31725c7
https://conda.anaconda.org/conda-forge/linux-64/python_abi-3.8-1_cp38.tar.bz2#8d05152d6fb3012b27a0e6fbcc14bea1
https://conda.anaconda.org/conda-forge/noarch/pytz-2020.4-pyhd8ed1ab_0.tar.bz2#14aefc827cbbd156cb1bd9e992210380
https://conda.anaconda.org/conda-forge/noarch/six-1.15.0-pyh9f0ad1d_0.tar.bz2#1eec421f0f1f39e579e44e4a5ce646a2
https://conda.anaconda.org/conda-forge/noarch/werkzeug-1.0.1-pyh9f0ad1d_0.tar.bz2#a9f0ed0e6ba014c4e42543bda09e0035
https://conda.anaconda.org/conda-forge/linux-64/certifi-2020.11.8-py38h578d9bd_0.tar.bz2#dddc61aa1e0e87871d79c6cf951b8482
https://conda.anaconda.org/conda-forge/noarch/cycler-0.10.0-py_2.tar.bz2#f6d7c7e6d8f42cbbec7e07a8d879f91c
https://conda.anaconda.org/conda-forge/linux-64/kiwisolver-1.3.1-py38h82cb98a_0.tar.bz2#63021f4bd12e4be94cdcac752f3a8f46
https://conda.anaconda.org/conda-forge/linux-64/markupsafe-1.1.1-py38h8df0ef7_2.tar.bz2#74e818eb7b17fde40f9ae4d2a89caf1d
https://conda.anaconda.org/conda-forge/linux-64/numpy-1.18.5-py38h8854b6b_0.tar.bz2#865f44137948275e1a198ae4604c3968
https://conda.anaconda.org/conda-forge/noarch/python-dateutil-2.8.1-py_0.tar.bz2#0d0150ed9c2d25817f5324108d3f7571
https://conda.anaconda.org/conda-forge/linux-64/pyyaml-5.3.1-py38h8df0ef7_1.tar.bz2#8eaa66e391971ac0e9e329b91bc37003
https://conda.anaconda.org/conda-forge/linux-64/tornado-6.1-py38h25fe258_0.tar.bz2#44f79ac64582a77cecbdca04c777ae30
https://conda.anaconda.org/conda-forge/linux-64/pandas-1.0.5-py38hcb8c335_0.tar.bz2#1e1b4382170fd26cf722ef008ffb651e
https://conda.anaconda.org/conda-forge/linux-64/scipy-1.5.3-py38hb2138dd_0.tar.bz2#e0ab8ace182b8d88a43c7e25a3ed092f
https://conda.anaconda.org/conda-forge/linux-64/setuptools-49.6.0-py38h924ce5b_2.tar.bz2#85f49978317e2f963ffd1d0989b16038
https://conda.anaconda.org/conda-forge/noarch/jinja2-2.11.2-pyh9f0ad1d_0.tar.bz2#e8a5d614d1a27bdba00059ca062a0551
https://conda.anaconda.org/conda-forge/linux-64/matplotlib-base-3.2.2-py38h5d868c9_1.tar.bz2#f6673c1e457b1848847e6b9ed648265c
https://conda.anaconda.org/conda-forge/noarch/patsy-0.5.1-py_0.tar.bz2#d971df2dcd1a453daabecec0ef76e88a
https://conda.anaconda.org/conda-forge/noarch/flask-1.1.2-pyh9f0ad1d_0.tar.bz2#721f9fc33930d8deec05a746dd1be3b8
https://conda.anaconda.org/conda-forge/linux-64/matplotlib-3.2.2-1.tar.bz2#6b8ed6d42771384dbd3f29af9078820e
https://conda.anaconda.org/conda-forge/linux-64/statsmodels-0.11.1-py38h1e0a361_2.tar.bz2#aa6dff64bfd081d5366d23b5caf62526
