# platform: osx-64
# env_hash: 90a95cefa36161086afa76e1bba9f46138058d5838977640bd877f61efbe3869

@EXPLICIT

https://conda.anaconda.org/conda-forge/osx-64/ca-certificates-2020.11.8-h033912b_0.tar.bz2#80ae143af10fb5c662a3ef1579948c30
https://conda.anaconda.org/conda-forge/osx-64/libcxx-11.0.0-h439d374_0.tar.bz2#5c211134456f5066c888d16875872672
https://conda.anaconda.org/conda-forge/osx-64/llvm-openmp-11.0.0-h73239a0_1.tar.bz2#40126f3a0c6b2a0fba13214e6ff90ff9
https://conda.anaconda.org/conda-forge/osx-64/ncurses-6.2-h2e338ed_4.tar.bz2#9cef1910395d1543527583e73dba30f1
https://conda.anaconda.org/conda-forge/osx-64/xz-5.2.5-haf1e3a3_1.tar.bz2#41116deb499e9bc58048c297d6403ce6
https://conda.anaconda.org/conda-forge/osx-64/yaml-0.2.5-haf1e3a3_0.tar.bz2#84c2fc186995c25a43e86ed708065572
https://conda.anaconda.org/conda-forge/osx-64/zlib-1.2.11-h7795811_1010.tar.bz2#7d39e47e16ed0107f37c7224d5b5be8b
https://conda.anaconda.org/conda-forge/osx-64/libffi-3.2.1-hb1e8313_1007.tar.bz2#be8b6ba3b6710a89ab891bbed151659c
https://conda.anaconda.org/conda-forge/osx-64/libgfortran5-9.3.0-h7cc5361_13.tar.bz2#f9f3fc3c2e4f3deb6820a395ffb6071d
https://conda.anaconda.org/conda-forge/osx-64/libpng-1.6.37-h7cec526_2.tar.bz2#9e52521faba2b53269672628d34e1513
https://conda.anaconda.org/conda-forge/osx-64/openssl-1.1.1h-haf1e3a3_0.tar.bz2#6be73e185e6a92a29571dd9a2dfb5251
https://conda.anaconda.org/conda-forge/osx-64/readline-8.0-h0678c8f_2.tar.bz2#8f69d684fce8e73328995d7efb77816a
https://conda.anaconda.org/conda-forge/osx-64/tk-8.6.10-hb0a8c7a_1.tar.bz2#f7477bf81dcfc7b4dddc7b3790a99a0c
https://conda.anaconda.org/conda-forge/osx-64/freetype-2.10.4-h3f75d11_0.tar.bz2#84d0ef8511d5754eab4e6af79fb5d5b3
https://conda.anaconda.org/conda-forge/osx-64/libgfortran-5.0.0-h7cc5361_13.tar.bz2#d439af12d04584f443d4f69c6147a661
https://conda.anaconda.org/conda-forge/osx-64/sqlite-3.33.0-h960bd1c_1.tar.bz2#d86a1d10a189d4c000a61971110f4f55
https://conda.anaconda.org/conda-forge/osx-64/libopenblas-0.3.12-openmp_h54245bb_1.tar.bz2#ecaffce11312c27c18ad35e65095fecc
https://conda.anaconda.org/conda-forge/osx-64/python-3.8.6-hcfdab8c_0_cpython.tar.bz2#b588bdece70bffeaf2bc72277f32edd5
https://conda.anaconda.org/conda-forge/noarch/click-7.1.2-pyh9f0ad1d_0.tar.bz2#bd50a970ce07e660c319fdc4d730d3f1
https://conda.anaconda.org/conda-forge/noarch/itsdangerous-1.1.0-py_0.tar.bz2#8afda875561afffed1115fd247fdd61e
https://conda.anaconda.org/conda-forge/osx-64/libblas-3.9.0-3_openblas.tar.bz2#63422c183fc9408b6465dec4e51132b1
https://conda.anaconda.org/conda-forge/noarch/pyparsing-2.4.7-pyh9f0ad1d_0.tar.bz2#626c4f20d5bf06dcec9cf2eaa31725c7
https://conda.anaconda.org/conda-forge/osx-64/python_abi-3.8-1_cp38.tar.bz2#5fe7757fd743e1c2d14d6170d4f53365
https://conda.anaconda.org/conda-forge/noarch/pytz-2020.4-pyhd8ed1ab_0.tar.bz2#14aefc827cbbd156cb1bd9e992210380
https://conda.anaconda.org/conda-forge/noarch/six-1.15.0-pyh9f0ad1d_0.tar.bz2#1eec421f0f1f39e579e44e4a5ce646a2
https://conda.anaconda.org/conda-forge/noarch/werkzeug-1.0.1-pyh9f0ad1d_0.tar.bz2#a9f0ed0e6ba014c4e42543bda09e0035
https://conda.anaconda.org/conda-forge/osx-64/certifi-2020.11.8-py38h50d1736_0.tar.bz2#81ff368f40962d5041c16356b279f393
https://conda.anaconda.org/conda-forge/noarch/cycler-0.10.0-py_2.tar.bz2#f6d7c7e6d8f42cbbec7e07a8d879f91c
https://conda.anaconda.org/conda-forge/osx-64/kiwisolver-1.3.1-py38h9250c2b_0.tar.bz2#940e4f32d7fd9127ea9d2ad18a59b792
https://conda.anaconda.org/conda-forge/osx-64/libcblas-3.9.0-3_openblas.tar.bz2#db022571ca94d89680df174d970b1d22
https://conda.anaconda.org/conda-forge/osx-64/liblapack-3.9.0-3_openblas.tar.bz2#981e3cbd865ea7530bb52e427ce5e1d9
https://conda.anaconda.org/conda-forge/osx-64/markupsafe-1.1.1-py38h94c058a_2.tar.bz2#4fe723b88b05abb9e79b2cd4906fc406
https://conda.anaconda.org/conda-forge/noarch/python-dateutil-2.8.1-py_0.tar.bz2#0d0150ed9c2d25817f5324108d3f7571
https://conda.anaconda.org/conda-forge/osx-64/pyyaml-5.3.1-py38h94c058a_1.tar.bz2#da7293e571efb5451eaefc94dae801c9
https://conda.anaconda.org/conda-forge/osx-64/tornado-6.1-py38h7e3306e_0.tar.bz2#bf3694efccd3901ef84b3b3b1b05accc
https://conda.anaconda.org/conda-forge/osx-64/numpy-1.18.5-py38h1f821a2_0.tar.bz2#01b9c42320484b2850385a547551f781
https://conda.anaconda.org/conda-forge/osx-64/setuptools-49.6.0-py38h5347e94_2.tar.bz2#d60492e2803bc7f3c85544532868cee1
https://conda.anaconda.org/conda-forge/noarch/jinja2-2.11.2-pyh9f0ad1d_0.tar.bz2#e8a5d614d1a27bdba00059ca062a0551
https://conda.anaconda.org/conda-forge/osx-64/matplotlib-base-3.2.2-py38h1300a51_1.tar.bz2#3348ed8d810efaeaf9f84ac552bc2f50
https://conda.anaconda.org/conda-forge/osx-64/pandas-1.0.5-py38h5fc983b_0.tar.bz2#0563558e72be6fa5468c42816c3a17f9
https://conda.anaconda.org/conda-forge/osx-64/scipy-1.5.3-py38hb6cd474_0.tar.bz2#b0574c75ef08dffa661a55c28abda13c
https://conda.anaconda.org/conda-forge/noarch/flask-1.1.2-pyh9f0ad1d_0.tar.bz2#721f9fc33930d8deec05a746dd1be3b8
https://conda.anaconda.org/conda-forge/osx-64/matplotlib-3.2.2-1.tar.bz2#e647d761393c7b65c8e0d77833716fad
https://conda.anaconda.org/conda-forge/noarch/patsy-0.5.1-py_0.tar.bz2#d971df2dcd1a453daabecec0ef76e88a
https://conda.anaconda.org/conda-forge/osx-64/statsmodels-0.11.1-py38h64e0658_2.tar.bz2#cc0e8e5319ee82717decbf907de31d16
